
Microsoft Visual Studio Solution File, Format Version 12.00
# Visual Studio Version 16
VisualStudioVersion = 16.0.30907.101
MinimumVisualStudioVersion = 10.0.40219.1
Project("{9A19103F-16F7-4668-BE54-9A1E7A4F7556}") = "ContatosApplication", "ContatosApplication\ContatosApplication.csproj", "{FBB324CA-34AB-49C7-B8CC-B21F0219FC2C}"
EndProject
Project("{9A19103F-16F7-4668-BE54-9A1E7A4F7556}") = "ContatosDomain", "ContatosDomain\ContatosDomain.csproj", "{22798096-0CAA-4DFD-8A3F-16DC49F6B1E5}"
EndProject
Project("{FAE04EC0-301F-11D3-BF4B-00C04F79EFBC}") = "ContatosInfraestructure", "ContatosInfraestructure\ContatosInfraestructure.csproj", "{5AF4FFB7-ED8B-4A18-887D-7D5886FC03AC}"
EndProject
Global
	GlobalSection(SolutionConfigurationPlatforms) = preSolution
		Debug|Any CPU = Debug|Any CPU
		Release|Any CPU = Release|Any CPU
	EndGlobalSection
	GlobalSection(ProjectConfigurationPlatforms) = postSolution
		{FBB324CA-34AB-49C7-B8CC-B21F0219FC2C}.Debug|Any CPU.ActiveCfg = Debug|Any CPU
		{FBB324CA-34AB-49C7-B8CC-B21F0219FC2C}.Debug|Any CPU.Build.0 = Debug|Any CPU
		{FBB324CA-34AB-49C7-B8CC-B21F0219FC2C}.Release|Any CPU.ActiveCfg = Release|Any CPU
		{FBB324CA-34AB-49C7-B8CC-B21F0219FC2C}.Release|Any CPU.Build.0 = Release|Any CPU
		{22798096-0CAA-4DFD-8A3F-16DC49F6B1E5}.Debug|Any CPU.ActiveCfg = Debug|Any CPU
		{22798096-0CAA-4DFD-8A3F-16DC49F6B1E5}.Debug|Any CPU.Build.0 = Debug|Any CPU
		{22798096-0CAA-4DFD-8A3F-16DC49F6B1E5}.Release|Any CPU.ActiveCfg = Release|Any CPU
		{22798096-0CAA-4DFD-8A3F-16DC49F6B1E5}.Release|Any CPU.Build.0 = Release|Any CPU
		{5AF4FFB7-ED8B-4A18-887D-7D5886FC03AC}.Debug|Any CPU.ActiveCfg = Debug|Any CPU
		{5AF4FFB7-ED8B-4A18-887D-7D5886FC03AC}.Debug|Any CPU.Build.0 = Debug|Any CPU
		{5AF4FFB7-ED8B-4A18-887D-7D5886FC03AC}.Release|Any CPU.ActiveCfg = Release|Any CPU
		{5AF4FFB7-ED8B-4A18-887D-7D5886FC03AC}.Release|Any CPU.Build.0 = Release|Any CPU
	EndGlobalSection
	GlobalSection(SolutionProperties) = preSolution
		HideSolutionNode = FALSE
	EndGlobalSection
	GlobalSection(ExtensibilityGlobals) = postSolution
		SolutionGuid = {A93868BC-A18A-421B-A687-E16C0A6AA6B0}
	EndGlobalSection
EndGlobal
